Microsoft Visual Studio Solution File, Format Version 12.00
# Visual Studio Version 17
VisualStudioVersion = 17.5.2.0
MinimumVisualStudioVersion = 10.0.40219.1
Project("{FAE04EC0-301F-11D3-BF4B-00C04F79EFBC}") = "UserApiProject", "UserApiProject.csproj", "{522648E6-452E-A571-5788-C115F3F250C4}"
EndProject
Global
	GlobalSection(SolutionConfigurationPlatforms) = preSolution
		Debug|Any CPU = Debug|Any CPU
		Release|Any CPU = Release|Any CPU
	EndGlobalSection
	GlobalSection(ProjectConfigurationPlatforms) = postSolution
		{522648E6-452E-A571-5788-C115F3F250C4}.Debug|Any CPU.ActiveCfg = Debug|Any CPU
		{522648E6-452E-A571-5788-C115F3F250C4}.Debug|Any CPU.Build.0 = Debug|Any CPU
		{522648E6-452E-A571-5788-C115F3F250C4}.Release|Any CPU.ActiveCfg = Release|Any CPU
		{522648E6-452E-A571-5788-C115F3F250C4}.Release|Any CPU.Build.0 = Release|Any CPU
	EndGlobalSection
	GlobalSection(SolutionProperties) = preSolution
		HideSolutionNode = FALSE
	EndGlobalSection
	GlobalSection(ExtensibilityGlobals) = postSolution
		SolutionGuid = {51118C90-C1B3-4DBA-B8C2-527F5A840876}
	EndGlobalSection
EndGlobal
